
Microsoft Visual Studio Solution File, Format Version 12.00
# Visual Studio Version 17
VisualStudioVersion = 17.9.34728.123
MinimumVisualStudioVersion = 10.0.40219.1
Project("{FAE04EC0-301F-11D3-BF4B-00C04F79EFBC}") = "BlazorWebApp", "BlazorWebApp.csproj", "{5606FB30-EE9E-473D-94D8-CD5039D23BB4}"
EndProject
Global
	GlobalSection(SolutionConfigurationPlatforms) = preSolution
		Debug|Any CPU = Debug|Any CPU
		Release|Any CPU = Release|Any CPU
	EndGlobalSection
	GlobalSection(ProjectConfigurationPlatforms) = postSolution
		{5606FB30-EE9E-473D-94D8-CD5039D23BB4}.Debug|Any CPU.ActiveCfg = Debug|Any CPU
		{5606FB30-EE9E-473D-94D8-CD5039D23BB4}.Debug|Any CPU.Build.0 = Debug|Any CPU
		{5606FB30-EE9E-473D-94D8-CD5039D23BB4}.Release|Any CPU.ActiveCfg = Release|Any CPU
		{5606FB30-EE9E-473D-94D8-CD5039D23BB4}.Release|Any CPU.Build.0 = Release|Any CPU
	EndGlobalSection
	GlobalSection(SolutionProperties) = preSolution
		HideSolutionNode = FALSE
	EndGlobalSection
	GlobalSection(ExtensibilityGlobals) = postSolution
		SolutionGuid = {C3BDA0B4-B3E6-4836-9EA0-A2D2451DCDA2}
	EndGlobalSection
EndGlobal
